{
  "version": "5",
  "redirects": {
    "https://esm.sh/@supabase/supabase-js@2": "https://esm.sh/@supabase/supabase-js@2.110.3"
  },
  "remote": {
    "https://esm.sh/@supabase/supabase-js@2.110.3": "3d98c7276d7a5937f1562973e97ce458f8daaa38e2b63a084820702e53c1a358"
  },
  "workspace": {
    "packageJson": {
      "dependencies": [
        "npm:@fontsource/inter@^5.3.0",
        "npm:@playwright/test@1.61.1",
        "npm:@supabase/storage-js@2.112.0",
        "npm:@supabase/supabase-js@^2.112.0",
        "npm:@types/node@^24.13.3",
        "npm:@types/react-dom@^19.2.4",
        "npm:@types/react@^19.2.18",
        "npm:@vitejs/plugin-react@^5.2.0",
        "npm:happy-dom@20.11.1",
        "npm:husky@^9.1.7",
        "npm:react-dom@^19.2.8",
        "npm:react-router@^8.3.0",
        "npm:react@^19.2.8",
        "npm:tsx@^4.23.5",
        "npm:typescript@^5.9.3",
        "npm:vite-plugin-pwa@^1.3.0",
        "npm:vite@^7.3.6"
      ],
      "overrides": {
        "brace-expansion": "^5.0.9",
        "fast-uri": "3.1.5"
      }
    }
  }
}
